
Microsoft Visual Studio Solution File, Format Version 12.00
# Visual Studio Version 17
VisualStudioVersion = 17.9.34701.34
MinimumVisualStudioVersion = 10.0.40219.1
Project("{9A19103F-16F7-4668-BE54-9A1E7A4F7556}") = "Traversal.UI", "Traversal.UI\Traversal.UI.csproj", "{A0DA62BA-384A-49B1-9B54-53F7A58F248C}"
EndProject
Project("{9A19103F-16F7-4668-BE54-9A1E7A4F7556}") = "EntityLayer", "EntityLayer\EntityLayer.csproj", "{04D6DA3E-C558-4339-A35C-4DA7E57AD264}"
EndProject
Project("{9A19103F-16F7-4668-BE54-9A1E7A4F7556}") = "DataAccessLayer", "DataAccessLayer\DataAccessLayer.csproj", "{1DAAB5B5-2045-45E6-856B-2BDCC66DBBFD}"
EndProject
Project("{9A19103F-16F7-4668-BE54-9A1E7A4F7556}") = "BusinessLayer", "BusinessLayer\BusinessLayer.csproj", "{4FB198DF-586E-4EE7-9F17-DEE9842B06E0}"
EndProject
Project("{9A19103F-16F7-4668-BE54-9A1E7A4F7556}") = "DtoLayer", "DtoLayer\DtoLayer.csproj", "{107E1C90-EC19-443E-82E1-A610034034E6}"
EndProject
Project("{FAE04EC0-301F-11D3-BF4B-00C04F79EFBC}") = "Traversal.API", "Traversal.API\Traversal.API.csproj", "{DFA9DFAF-A5EA-4E21-AC52-E78D0F200554}"
EndProject
Global
	GlobalSection(SolutionConfigurationPlatforms) = preSolution
		Debug|Any CPU = Debug|Any CPU
		Release|Any CPU = Release|Any CPU
	EndGlobalSection
	GlobalSection(ProjectConfigurationPlatforms) = postSolution
		{A0DA62BA-384A-49B1-9B54-53F7A58F248C}.Debug|Any CPU.ActiveCfg = Debug|Any CPU
		{A0DA62BA-384A-49B1-9B54-53F7A58F248C}.Debug|Any CPU.Build.0 = Debug|Any CPU
		{A0DA62BA-384A-49B1-9B54-53F7A58F248C}.Release|Any CPU.ActiveCfg = Release|Any CPU
		{A0DA62BA-384A-49B1-9B54-53F7A58F248C}.Release|Any CPU.Build.0 = Release|Any CPU
		{04D6DA3E-C558-4339-A35C-4DA7E57AD264}.Debug|Any CPU.ActiveCfg = Debug|Any CPU
		{04D6DA3E-C558-4339-A35C-4DA7E57AD264}.Debug|Any CPU.Build.0 = Debug|Any CPU
		{04D6DA3E-C558-4339-A35C-4DA7E57AD264}.Release|Any CPU.ActiveCfg = Release|Any CPU
		{04D6DA3E-C558-4339-A35C-4DA7E57AD264}.Release|Any CPU.Build.0 = Release|Any CPU
		{1DAAB5B5-2045-45E6-856B-2BDCC66DBBFD}.Debug|Any CPU.ActiveCfg = Debug|Any CPU
		{1DAAB5B5-2045-45E6-856B-2BDCC66DBBFD}.Debug|Any CPU.Build.0 = Debug|Any CPU
		{1DAAB5B5-2045-45E6-856B-2BDCC66DBBFD}.Release|Any CPU.ActiveCfg = Release|Any CPU
		{1DAAB5B5-2045-45E6-856B-2BDCC66DBBFD}.Release|Any CPU.Build.0 = Release|Any CPU
		{4FB198DF-586E-4EE7-9F17-DEE9842B06E0}.Debug|Any CPU.ActiveCfg = Debug|Any CPU
		{4FB198DF-586E-4EE7-9F17-DEE9842B06E0}.Debug|Any CPU.Build.0 = Debug|Any CPU
		{4FB198DF-586E-4EE7-9F17-DEE9842B06E0}.Release|Any CPU.ActiveCfg = Release|Any CPU
		{4FB198DF-586E-4EE7-9F17-DEE9842B06E0}.Release|Any CPU.Build.0 = Release|Any CPU
		{107E1C90-EC19-443E-82E1-A610034034E6}.Debug|Any CPU.ActiveCfg = Debug|Any CPU
		{107E1C90-EC19-443E-82E1-A610034034E6}.Debug|Any CPU.Build.0 = Debug|Any CPU
		{107E1C90-EC19-443E-82E1-A610034034E6}.Release|Any CPU.ActiveCfg = Release|Any CPU
		{107E1C90-EC19-443E-82E1-A610034034E6}.Release|Any CPU.Build.0 = Release|Any CPU
		{DFA9DFAF-A5EA-4E21-AC52-E78D0F200554}.Debug|Any CPU.ActiveCfg = Debug|Any CPU
		{DFA9DFAF-A5EA-4E21-AC52-E78D0F200554}.Debug|Any CPU.Build.0 = Debug|Any CPU
		{DFA9DFAF-A5EA-4E21-AC52-E78D0F200554}.Release|Any CPU.ActiveCfg = Release|Any CPU
		{DFA9DFAF-A5EA-4E21-AC52-E78D0F200554}.Release|Any CPU.Build.0 = Release|Any CPU
	EndGlobalSection
	GlobalSection(SolutionProperties) = preSolution
		HideSolutionNode = FALSE
	EndGlobalSection
	GlobalSection(ExtensibilityGlobals) = postSolution
		SolutionGuid = {C014C5EF-0DCF-4499-9F4D-9F148FC7D190}
	EndGlobalSection
EndGlobal
